
Microsoft Visual Studio Solution File, Format Version 12.00
# Visual Studio 14
VisualStudioVersion = 14.0.25420.1
MinimumVisualStudioVersion = 10.0.40219.1
Project("{2150E333-8FDC-42A3-9474-1A3956D46DE8}") = "Functions", "Functions", "{09DE6C32-829E-4D09-848A-01788BB90C28}"
	ProjectSection(SolutionItems) = preProject
		Functions\host.json = Functions\host.json
	EndProjectSection
EndProject
Project("{2150E333-8FDC-42A3-9474-1A3956D46DE8}") = "NugetWalker", "NugetWalker", "{CB6DD39B-2B0E-401D-9003-368BAB93E5F8}"
	ProjectSection(SolutionItems) = preProject
		Functions\NugetWalker\project.json = Functions\NugetWalker\project.json
		Functions\NugetWalker\Run.csx = Functions\NugetWalker\Run.csx
	EndProjectSection
EndProject
Global
	GlobalSection(SolutionProperties) = preSolution
		HideSolutionNode = FALSE
	EndGlobalSection
	GlobalSection(NestedProjects) = preSolution
		{CB6DD39B-2B0E-401D-9003-368BAB93E5F8} = {09DE6C32-829E-4D09-848A-01788BB90C28}
	EndGlobalSection
EndGlobal
