
Microsoft Visual Studio Solution File, Format Version 12.00
# Visual Studio 14
VisualStudioVersion = 14.0.25420.1
MinimumVisualStudioVersion = 10.0.40219.1
Project("{2150E333-8FDC-42A3-9474-1A3956D46DE8}") = "Functions", "Functions", "{09DE6C32-829E-4D09-848A-01788BB90C28}"
	ProjectSection(SolutionItems) = preProject
		Functions\host.json = Functions\host.json
	EndProjectSection
EndProject
Project("{FAE04EC0-301F-11D3-BF4B-00C04F79EFBC}") = "CreateInfrastructure", "CreateInfrastructure\CreateInfrastructure.csproj", "{AADA8E61-161D-43DE-9E00-2B109CE60E34}"
EndProject
Project("{2150E333-8FDC-42A3-9474-1A3956D46DE8}") = "PackageIndexer", "PackageIndexer", "{36383BE3-552B-4C82-8AFD-5ED9BFE798A9}"
	ProjectSection(SolutionItems) = preProject
		Functions\PackageIndexer\project.json = Functions\PackageIndexer\project.json
		Functions\PackageIndexer\Run.csx = Functions\PackageIndexer\Run.csx
	EndProjectSection
EndProject
Project("{FAE04EC0-301F-11D3-BF4B-00C04F79EFBC}") = "PackageIndexer.Logic", "Functions\PackageIndexer.Logic\PackageIndexer.Logic.csproj", "{8FE56EEC-BCAC-4AAC-97F1-E9CD4FD5AE47}"
EndProject
Project("{FAE04EC0-301F-11D3-BF4B-00C04F79EFBC}") = "PackageIndexer.LocalRunner", "Functions\PackageIndexer.LocalRunner\PackageIndexer.LocalRunner.csproj", "{6453E8D5-D3B5-4504-BF43-4D9FD3DF37F3}"
EndProject
Project("{FAE04EC0-301F-11D3-BF4B-00C04F79EFBC}") = "Web", "Web\Web.csproj", "{40FE35E1-CA2D-4E11-BF0A-636EE8146A75}"
EndProject
Project("{FAE04EC0-301F-11D3-BF4B-00C04F79EFBC}") = "NuGetCatalog", "NuGetCatalog\NuGetCatalog.csproj", "{58FD8D8A-DC0E-478C-A8C3-710AB7B1180E}"
EndProject
Project("{FAE04EC0-301F-11D3-BF4B-00C04F79EFBC}") = "NuGetHelpers", "NuGetHelpers\NuGetHelpers.csproj", "{02F0B7BE-3237-4761-8405-888BE8EB617C}"
EndProject
Project("{2150E333-8FDC-42A3-9474-1A3956D46DE8}") = "NugetWalker", "NugetWalker", "{CB6DD39B-2B0E-401D-9003-368BAB93E5F8}"
EndProject
Project("{FAE04EC0-301F-11D3-BF4B-00C04F79EFBC}") = "NugetWalker.Logic", "NugetWalker.Logic\NugetWalker.Logic.csproj", "{787B6730-FC01-4E61-8677-92095A5FF703}"
EndProject
Project("{FAE04EC0-301F-11D3-BF4B-00C04F79EFBC}") = "NugetWalker.LocalRunner", "NugetWalker.LocalRunner\NugetWalker.LocalRunner.csproj", "{DBCB4BE6-DDF0-471E-BBF3-B40892C36F47}"
EndProject
Project("{FAE04EC0-301F-11D3-BF4B-00C04F79EFBC}") = "Util", "Util\Util.csproj", "{FB448C83-A1B0-48F4-8FD1-20ACF6C3706C}"
EndProject
Global
	GlobalSection(SolutionConfigurationPlatforms) = preSolution
		Debug|Any CPU = Debug|Any CPU
		Release|Any CPU = Release|Any CPU
	EndGlobalSection
	GlobalSection(ProjectConfigurationPlatforms) = postSolution
		{AADA8E61-161D-43DE-9E00-2B109CE60E34}.Debug|Any CPU.ActiveCfg = Debug|Any CPU
		{AADA8E61-161D-43DE-9E00-2B109CE60E34}.Debug|Any CPU.Build.0 = Debug|Any CPU
		{AADA8E61-161D-43DE-9E00-2B109CE60E34}.Release|Any CPU.ActiveCfg = Release|Any CPU
		{AADA8E61-161D-43DE-9E00-2B109CE60E34}.Release|Any CPU.Build.0 = Release|Any CPU
		{8FE56EEC-BCAC-4AAC-97F1-E9CD4FD5AE47}.Debug|Any CPU.ActiveCfg = Debug|Any CPU
		{8FE56EEC-BCAC-4AAC-97F1-E9CD4FD5AE47}.Debug|Any CPU.Build.0 = Debug|Any CPU
		{8FE56EEC-BCAC-4AAC-97F1-E9CD4FD5AE47}.Release|Any CPU.ActiveCfg = Release|Any CPU
		{8FE56EEC-BCAC-4AAC-97F1-E9CD4FD5AE47}.Release|Any CPU.Build.0 = Release|Any CPU
		{6453E8D5-D3B5-4504-BF43-4D9FD3DF37F3}.Debug|Any CPU.ActiveCfg = Debug|Any CPU
		{6453E8D5-D3B5-4504-BF43-4D9FD3DF37F3}.Debug|Any CPU.Build.0 = Debug|Any CPU
		{6453E8D5-D3B5-4504-BF43-4D9FD3DF37F3}.Release|Any CPU.ActiveCfg = Release|Any CPU
		{6453E8D5-D3B5-4504-BF43-4D9FD3DF37F3}.Release|Any CPU.Build.0 = Release|Any CPU
		{40FE35E1-CA2D-4E11-BF0A-636EE8146A75}.Debug|Any CPU.ActiveCfg = Debug|Any CPU
		{40FE35E1-CA2D-4E11-BF0A-636EE8146A75}.Debug|Any CPU.Build.0 = Debug|Any CPU
		{40FE35E1-CA2D-4E11-BF0A-636EE8146A75}.Release|Any CPU.ActiveCfg = Release|Any CPU
		{40FE35E1-CA2D-4E11-BF0A-636EE8146A75}.Release|Any CPU.Build.0 = Release|Any CPU
		{58FD8D8A-DC0E-478C-A8C3-710AB7B1180E}.Debug|Any CPU.ActiveCfg = Debug|Any CPU
		{58FD8D8A-DC0E-478C-A8C3-710AB7B1180E}.Debug|Any CPU.Build.0 = Debug|Any CPU
		{58FD8D8A-DC0E-478C-A8C3-710AB7B1180E}.Release|Any CPU.ActiveCfg = Release|Any CPU
		{58FD8D8A-DC0E-478C-A8C3-710AB7B1180E}.Release|Any CPU.Build.0 = Release|Any CPU
		{02F0B7BE-3237-4761-8405-888BE8EB617C}.Debug|Any CPU.ActiveCfg = Debug|Any CPU
		{02F0B7BE-3237-4761-8405-888BE8EB617C}.Debug|Any CPU.Build.0 = Debug|Any CPU
		{02F0B7BE-3237-4761-8405-888BE8EB617C}.Release|Any CPU.ActiveCfg = Release|Any CPU
		{02F0B7BE-3237-4761-8405-888BE8EB617C}.Release|Any CPU.Build.0 = Release|Any CPU
		{787B6730-FC01-4E61-8677-92095A5FF703}.Debug|Any CPU.ActiveCfg = Debug|Any CPU
		{787B6730-FC01-4E61-8677-92095A5FF703}.Debug|Any CPU.Build.0 = Debug|Any CPU
		{787B6730-FC01-4E61-8677-92095A5FF703}.Release|Any CPU.ActiveCfg = Release|Any CPU
		{787B6730-FC01-4E61-8677-92095A5FF703}.Release|Any CPU.Build.0 = Release|Any CPU
		{DBCB4BE6-DDF0-471E-BBF3-B40892C36F47}.Debug|Any CPU.ActiveCfg = Debug|Any CPU
		{DBCB4BE6-DDF0-471E-BBF3-B40892C36F47}.Debug|Any CPU.Build.0 = Debug|Any CPU
		{DBCB4BE6-DDF0-471E-BBF3-B40892C36F47}.Release|Any CPU.ActiveCfg = Release|Any CPU
		{DBCB4BE6-DDF0-471E-BBF3-B40892C36F47}.Release|Any CPU.Build.0 = Release|Any CPU
		{FB448C83-A1B0-48F4-8FD1-20ACF6C3706C}.Debug|Any CPU.ActiveCfg = Debug|Any CPU
		{FB448C83-A1B0-48F4-8FD1-20ACF6C3706C}.Debug|Any CPU.Build.0 = Debug|Any CPU
		{FB448C83-A1B0-48F4-8FD1-20ACF6C3706C}.Release|Any CPU.ActiveCfg = Release|Any CPU
		{FB448C83-A1B0-48F4-8FD1-20ACF6C3706C}.Release|Any CPU.Build.0 = Release|Any CPU
	EndGlobalSection
	GlobalSection(SolutionProperties) = preSolution
		HideSolutionNode = FALSE
	EndGlobalSection
	GlobalSection(NestedProjects) = preSolution
		{36383BE3-552B-4C82-8AFD-5ED9BFE798A9} = {09DE6C32-829E-4D09-848A-01788BB90C28}
		{8FE56EEC-BCAC-4AAC-97F1-E9CD4FD5AE47} = {36383BE3-552B-4C82-8AFD-5ED9BFE798A9}
		{6453E8D5-D3B5-4504-BF43-4D9FD3DF37F3} = {36383BE3-552B-4C82-8AFD-5ED9BFE798A9}
		{CB6DD39B-2B0E-401D-9003-368BAB93E5F8} = {09DE6C32-829E-4D09-848A-01788BB90C28}
		{787B6730-FC01-4E61-8677-92095A5FF703} = {CB6DD39B-2B0E-401D-9003-368BAB93E5F8}
		{DBCB4BE6-DDF0-471E-BBF3-B40892C36F47} = {CB6DD39B-2B0E-401D-9003-368BAB93E5F8}
	EndGlobalSection
EndGlobal
